
Microsoft Visual Studio Solution File, Format Version 12.00
Project("{FAE04EC0-301F-11D3-BF4B-00C04F79EFBC}") = "ConsoleApplication1-20-4-23-DS", "ConsoleApplication1-20-4-23-DS\ConsoleApplication1-20-4-23-DS.csproj", "{BD44419E-3D23-4D8C-BE5B-0F8243062D65}"
EndProject
Global
	GlobalSection(SolutionConfigurationPlatforms) = preSolution
		Debug|Any CPU = Debug|Any CPU
		Release|Any CPU = Release|Any CPU
	EndGlobalSection
	GlobalSection(ProjectConfigurationPlatforms) = postSolution
		{BD44419E-3D23-4D8C-BE5B-0F8243062D65}.Debug|Any CPU.ActiveCfg = Debug|Any CPU
		{BD44419E-3D23-4D8C-BE5B-0F8243062D65}.Debug|Any CPU.Build.0 = Debug|Any CPU
		{BD44419E-3D23-4D8C-BE5B-0F8243062D65}.Release|Any CPU.ActiveCfg = Release|Any CPU
		{BD44419E-3D23-4D8C-BE5B-0F8243062D65}.Release|Any CPU.Build.0 = Release|Any CPU
	EndGlobalSection
EndGlobal
