
Microsoft Visual Studio Solution File, Format Version 12.00
Project("{FAE04EC0-301F-11D3-BF4B-00C04F79EFBC}") = "ConsoleApplication1-Birthday-Exercise", "ConsoleApplication1-Birthday-Exercise\ConsoleApplication1-Birthday-Exercise.csproj", "{835F75A5-F8ED-4AD1-87F0-1ABDAD97CE38}"
EndProject
Global
	GlobalSection(SolutionConfigurationPlatforms) = preSolution
		Debug|Any CPU = Debug|Any CPU
		Release|Any CPU = Release|Any CPU
	EndGlobalSection
	GlobalSection(ProjectConfigurationPlatforms) = postSolution
		{835F75A5-F8ED-4AD1-87F0-1ABDAD97CE38}.Debug|Any CPU.ActiveCfg = Debug|Any CPU
		{835F75A5-F8ED-4AD1-87F0-1ABDAD97CE38}.Debug|Any CPU.Build.0 = Debug|Any CPU
		{835F75A5-F8ED-4AD1-87F0-1ABDAD97CE38}.Release|Any CPU.ActiveCfg = Release|Any CPU
		{835F75A5-F8ED-4AD1-87F0-1ABDAD97CE38}.Release|Any CPU.Build.0 = Release|Any CPU
	EndGlobalSection
EndGlobal
