
Microsoft Visual Studio Solution File, Format Version 12.00
# Visual Studio Version 16
VisualStudioVersion = 16.0.32228.343
MinimumVisualStudioVersion = 10.0.40219.1
Project("{FAE04EC0-301F-11D3-BF4B-00C04F79EFBC}") = "ClassExercise-27-3-2023", "ClassExercise-27-3-2023\ClassExercise-27-3-2023.csproj", "{DAFACC8B-8BDE-4827-BCE4-54E1E83A77CE}"
EndProject
Global
	GlobalSection(SolutionConfigurationPlatforms) = preSolution
		Debug|Any CPU = Debug|Any CPU
		Release|Any CPU = Release|Any CPU
	EndGlobalSection
	GlobalSection(ProjectConfigurationPlatforms) = postSolution
		{DAFACC8B-8BDE-4827-BCE4-54E1E83A77CE}.Debug|Any CPU.ActiveCfg = Debug|Any CPU
		{DAFACC8B-8BDE-4827-BCE4-54E1E83A77CE}.Debug|Any CPU.Build.0 = Debug|Any CPU
		{DAFACC8B-8BDE-4827-BCE4-54E1E83A77CE}.Release|Any CPU.ActiveCfg = Release|Any CPU
		{DAFACC8B-8BDE-4827-BCE4-54E1E83A77CE}.Release|Any CPU.Build.0 = Release|Any CPU
	EndGlobalSection
	GlobalSection(SolutionProperties) = preSolution
		HideSolutionNode = FALSE
	EndGlobalSection
	GlobalSection(ExtensibilityGlobals) = postSolution
		SolutionGuid = {2EB935C3-0120-4288-912E-25E87F2524E4}
	EndGlobalSection
EndGlobal
