
Microsoft Visual Studio Solution File, Format Version 12.00
# Visual Studio Version 16
VisualStudioVersion = 16.0.32228.343
MinimumVisualStudioVersion = 10.0.40219.1
Project("{FAE04EC0-301F-11D3-BF4B-00C04F79EFBC}") = "ConsoleApp1-EventDriven-10-4-23", "ConsoleApp1-EventDriven-10-4-23\ConsoleApp1-EventDriven-10-4-23.csproj", "{9B353CC8-A2AB-44E9-B617-5885F480827E}"
EndProject
Global
	GlobalSection(SolutionConfigurationPlatforms) = preSolution
		Debug|Any CPU = Debug|Any CPU
		Release|Any CPU = Release|Any CPU
	EndGlobalSection
	GlobalSection(ProjectConfigurationPlatforms) = postSolution
		{9B353CC8-A2AB-44E9-B617-5885F480827E}.Debug|Any CPU.ActiveCfg = Debug|Any CPU
		{9B353CC8-A2AB-44E9-B617-5885F480827E}.Debug|Any CPU.Build.0 = Debug|Any CPU
		{9B353CC8-A2AB-44E9-B617-5885F480827E}.Release|Any CPU.ActiveCfg = Release|Any CPU
		{9B353CC8-A2AB-44E9-B617-5885F480827E}.Release|Any CPU.Build.0 = Release|Any CPU
	EndGlobalSection
	GlobalSection(SolutionProperties) = preSolution
		HideSolutionNode = FALSE
	EndGlobalSection
	GlobalSection(ExtensibilityGlobals) = postSolution
		SolutionGuid = {AA184F39-C866-447E-8D03-D82CAE7A6CAE}
	EndGlobalSection
EndGlobal
