
Microsoft Visual Studio Solution File, Format Version 12.00
Project("{FAE04EC0-301F-11D3-BF4B-00C04F79EFBC}") = "ConsoleApplication2-DS-3-5-23", "ConsoleApplication2-DS-3-5-23\ConsoleApplication2-DS-3-5-23.csproj", "{EAEFB1CC-3A94-4822-AE1A-08611705033F}"
EndProject
Global
	GlobalSection(SolutionConfigurationPlatforms) = preSolution
		Debug|Any CPU = Debug|Any CPU
		Release|Any CPU = Release|Any CPU
	EndGlobalSection
	GlobalSection(ProjectConfigurationPlatforms) = postSolution
		{EAEFB1CC-3A94-4822-AE1A-08611705033F}.Debug|Any CPU.ActiveCfg = Debug|Any CPU
		{EAEFB1CC-3A94-4822-AE1A-08611705033F}.Debug|Any CPU.Build.0 = Debug|Any CPU
		{EAEFB1CC-3A94-4822-AE1A-08611705033F}.Release|Any CPU.ActiveCfg = Release|Any CPU
		{EAEFB1CC-3A94-4822-AE1A-08611705033F}.Release|Any CPU.Build.0 = Release|Any CPU
	EndGlobalSection
EndGlobal
