
Microsoft Visual Studio Solution File, Format Version 12.00
# Visual Studio Version 16
VisualStudioVersion = 16.0.32228.343
MinimumVisualStudioVersion = 10.0.40219.1
Project("{FAE04EC0-301F-11D3-BF4B-00C04F79EFBC}") = "ConsoleApp2-OOP-4-3-23", "ConsoleApp2-OOP-4-3-23\ConsoleApp2-OOP-4-3-23.csproj", "{32B9EC90-00C3-4690-B569-26533F07A093}"
EndProject
Global
	GlobalSection(SolutionConfigurationPlatforms) = preSolution
		Debug|Any CPU = Debug|Any CPU
		Release|Any CPU = Release|Any CPU
	EndGlobalSection
	GlobalSection(ProjectConfigurationPlatforms) = postSolution
		{32B9EC90-00C3-4690-B569-26533F07A093}.Debug|Any CPU.ActiveCfg = Debug|Any CPU
		{32B9EC90-00C3-4690-B569-26533F07A093}.Debug|Any CPU.Build.0 = Debug|Any CPU
		{32B9EC90-00C3-4690-B569-26533F07A093}.Release|Any CPU.ActiveCfg = Release|Any CPU
		{32B9EC90-00C3-4690-B569-26533F07A093}.Release|Any CPU.Build.0 = Release|Any CPU
	EndGlobalSection
	GlobalSection(SolutionProperties) = preSolution
		HideSolutionNode = FALSE
	EndGlobalSection
	GlobalSection(ExtensibilityGlobals) = postSolution
		SolutionGuid = {66446F6C-C7A7-4C1C-B502-1AD04F48E0B1}
	EndGlobalSection
EndGlobal
