
Microsoft Visual Studio Solution File, Format Version 12.00
# Visual Studio Version 16
VisualStudioVersion = 16.0.32228.343
MinimumVisualStudioVersion = 10.0.40219.1
Project("{FAE04EC0-301F-11D3-BF4B-00C04F79EFBC}") = "WindowsFormsApp2-Login-system", "WindowsFormsApp2-Login-system\WindowsFormsApp2-Login-system.csproj", "{BABEB45C-91AA-47A8-B0DE-26565ED90077}"
EndProject
Global
	GlobalSection(SolutionConfigurationPlatforms) = preSolution
		Debug|Any CPU = Debug|Any CPU
		Release|Any CPU = Release|Any CPU
	EndGlobalSection
	GlobalSection(ProjectConfigurationPlatforms) = postSolution
		{BABEB45C-91AA-47A8-B0DE-26565ED90077}.Debug|Any CPU.ActiveCfg = Debug|Any CPU
		{BABEB45C-91AA-47A8-B0DE-26565ED90077}.Debug|Any CPU.Build.0 = Debug|Any CPU
		{BABEB45C-91AA-47A8-B0DE-26565ED90077}.Release|Any CPU.ActiveCfg = Release|Any CPU
		{BABEB45C-91AA-47A8-B0DE-26565ED90077}.Release|Any CPU.Build.0 = Release|Any CPU
	EndGlobalSection
	GlobalSection(SolutionProperties) = preSolution
		HideSolutionNode = FALSE
	EndGlobalSection
	GlobalSection(ExtensibilityGlobals) = postSolution
		SolutionGuid = {14613ED7-2F11-45D4-BECF-9872E9C05666}
	EndGlobalSection
EndGlobal
