
Microsoft Visual Studio Solution File, Format Version 12.00
# Visual Studio Version 16
VisualStudioVersion = 16.0.32228.343
MinimumVisualStudioVersion = 10.0.40219.1
Project("{FAE04EC0-301F-11D3-BF4B-00C04F79EFBC}") = "WindowsFormsApp1-GUI-form", "WindowsFormsApp1-GUI-form\WindowsFormsApp1-GUI-form.csproj", "{13CBFE59-E979-46BE-B79F-7D305605BE91}"
EndProject
Global
	GlobalSection(SolutionConfigurationPlatforms) = preSolution
		Debug|Any CPU = Debug|Any CPU
		Release|Any CPU = Release|Any CPU
	EndGlobalSection
	GlobalSection(ProjectConfigurationPlatforms) = postSolution
		{13CBFE59-E979-46BE-B79F-7D305605BE91}.Debug|Any CPU.ActiveCfg = Debug|Any CPU
		{13CBFE59-E979-46BE-B79F-7D305605BE91}.Debug|Any CPU.Build.0 = Debug|Any CPU
		{13CBFE59-E979-46BE-B79F-7D305605BE91}.Release|Any CPU.ActiveCfg = Release|Any CPU
		{13CBFE59-E979-46BE-B79F-7D305605BE91}.Release|Any CPU.Build.0 = Release|Any CPU
	EndGlobalSection
	GlobalSection(SolutionProperties) = preSolution
		HideSolutionNode = FALSE
	EndGlobalSection
	GlobalSection(ExtensibilityGlobals) = postSolution
		SolutionGuid = {497AAAD0-BE8D-4D04-A8B1-99DE356DBBFC}
	EndGlobalSection
EndGlobal
