
Microsoft Visual Studio Solution File, Format Version 12.00
# Visual Studio Version 16
VisualStudioVersion = 16.0.32228.343
MinimumVisualStudioVersion = 10.0.40219.1
Project("{FAE04EC0-301F-11D3-BF4B-00C04F79EFBC}") = "ConsoleApp2-2232023", "ConsoleApp2-2232023\ConsoleApp2-2232023.csproj", "{1D43C7C5-8E20-47F2-80D3-FF1E35AE3889}"
EndProject
Global
	GlobalSection(SolutionConfigurationPlatforms) = preSolution
		Debug|Any CPU = Debug|Any CPU
		Release|Any CPU = Release|Any CPU
	EndGlobalSection
	GlobalSection(ProjectConfigurationPlatforms) = postSolution
		{1D43C7C5-8E20-47F2-80D3-FF1E35AE3889}.Debug|Any CPU.ActiveCfg = Debug|Any CPU
		{1D43C7C5-8E20-47F2-80D3-FF1E35AE3889}.Debug|Any CPU.Build.0 = Debug|Any CPU
		{1D43C7C5-8E20-47F2-80D3-FF1E35AE3889}.Release|Any CPU.ActiveCfg = Release|Any CPU
		{1D43C7C5-8E20-47F2-80D3-FF1E35AE3889}.Release|Any CPU.Build.0 = Release|Any CPU
	EndGlobalSection
	GlobalSection(SolutionProperties) = preSolution
		HideSolutionNode = FALSE
	EndGlobalSection
	GlobalSection(ExtensibilityGlobals) = postSolution
		SolutionGuid = {27DB0AC2-BDF3-468D-B789-D3DD669055E1}
	EndGlobalSection
EndGlobal
